
Microsoft Visual Studio Solution File, Format Version 12.00
Project("{FAE04EC0-301F-11D3-BF4B-00C04F79EFBC}") = "RCountNewsFeedAPI", "RCountNewsFeedAPI\RCountNewsFeedAPI.csproj", "{EA93E9F8-5B0E-4F81-902B-93BA06A4DB2A}"
EndProject
Global
	GlobalSection(SolutionConfigurationPlatforms) = preSolution
		Debug|Any CPU = Debug|Any CPU
		Release|Any CPU = Release|Any CPU
	EndGlobalSection
	GlobalSection(ProjectConfigurationPlatforms) = postSolution
		{EA93E9F8-5B0E-4F81-902B-93BA06A4DB2A}.Debug|Any CPU.ActiveCfg = Debug|Any CPU
		{EA93E9F8-5B0E-4F81-902B-93BA06A4DB2A}.Debug|Any CPU.Build.0 = Debug|Any CPU
		{EA93E9F8-5B0E-4F81-902B-93BA06A4DB2A}.Release|Any CPU.ActiveCfg = Release|Any CPU
		{EA93E9F8-5B0E-4F81-902B-93BA06A4DB2A}.Release|Any CPU.Build.0 = Release|Any CPU
	EndGlobalSection
EndGlobal
